
Microsoft Visual Studio Solution File, Format Version 12.00
# Visual Studio 15
VisualStudioVersion = 15.0.27703.2042
MinimumVisualStudioVersion = 10.0.40219.1
Project("{FAE04EC0-301F-11D3-BF4B-00C04F79EFBC}") = "MVCTest", "MVCTest\MVCTest.csproj", "{8FDD57AD-A08C-4738-8587-81AF160CA213}"
EndProject
Project("{FAE04EC0-301F-11D3-BF4B-00C04F79EFBC}") = "MVCTest.Tests", "MVCTest.Tests\MVCTest.Tests.csproj", "{F45FECE5-F5C3-493A-9899-30C1253CAF1B}"
EndProject
Global
	GlobalSection(SolutionConfigurationPlatforms) = preSolution
		Debug|Any CPU = Debug|Any CPU
		Release|Any CPU = Release|Any CPU
	EndGlobalSection
	GlobalSection(ProjectConfigurationPlatforms) = postSolution
		{8FDD57AD-A08C-4738-8587-81AF160CA213}.Debug|Any CPU.ActiveCfg = Debug|Any CPU
		{8FDD57AD-A08C-4738-8587-81AF160CA213}.Debug|Any CPU.Build.0 = Debug|Any CPU
		{8FDD57AD-A08C-4738-8587-81AF160CA213}.Release|Any CPU.ActiveCfg = Release|Any CPU
		{8FDD57AD-A08C-4738-8587-81AF160CA213}.Release|Any CPU.Build.0 = Release|Any CPU
		{F45FECE5-F5C3-493A-9899-30C1253CAF1B}.Debug|Any CPU.ActiveCfg = Debug|Any CPU
		{F45FECE5-F5C3-493A-9899-30C1253CAF1B}.Debug|Any CPU.Build.0 = Debug|Any CPU
		{F45FECE5-F5C3-493A-9899-30C1253CAF1B}.Release|Any CPU.ActiveCfg = Release|Any CPU
		{F45FECE5-F5C3-493A-9899-30C1253CAF1B}.Release|Any CPU.Build.0 = Release|Any CPU
	EndGlobalSection
	GlobalSection(SolutionProperties) = preSolution
		HideSolutionNode = FALSE
	EndGlobalSection
	GlobalSection(ExtensibilityGlobals) = postSolution
		SolutionGuid = {F53348A3-2ACE-48E6-BA05-27C353226DEC}
	EndGlobalSection
EndGlobal
